// !$*UTF8*$!
{
	archiveVersion = 1;
	classes = {
	};
	objectVersion = 51;
	objects = {

/* Begin PBXBuildFile section */
		CEA34E0C2597BE580065728C /* XerrisMusicApp.swift in Sources */ = {isa = PBXBuildFile; fileRef = CEA34E0B2597BE580065728C /* XerrisMusicApp.swift */; };
		CEA34E0E2597BE580065728C /* ContentView.swift in Sources */ = {isa = PBXBuildFile; fileRef = CEA34E0D2597BE580065728C /* ContentView.swift */; };
		CEA34E102597BE590065728C /* Assets.xcassets in Resources */ = {isa = PBXBuildFile; fileRef = CEA34E0F2597BE590065728C /* Assets.xcassets */; };
		CEA34E132597BE590065728C /* Preview Assets.xcassets in Resources */ = {isa = PBXBuildFile; fileRef = CEA34E122597BE590065728C /* Preview Assets.xcassets */; };
		CEA34E1E2597BE590065728C /* XerrisMusicTests.swift in Sources */ = {isa = PBXBuildFile; fileRef = CEA34E1D2597BE590065728C /* XerrisMusicTests.swift */; };
		CEA34E292597BE590065728C /* XerrisMusicUITests.swift in Sources */ = {isa = PBXBuildFile; fileRef = CEA34E282597BE590065728C /* XerrisMusicUITests.swift */; };
		CEF0DA432598121B00D44143 /* amplifyconfiguration.json in Resources */ = {isa = PBXBuildFile; fileRef = CEF0DA402598121B00D44143 /* amplifyconfiguration.json */; };
		CEF0DA442598121B00D44143 /* awsconfiguration.json in Resources */ = {isa = PBXBuildFile; fileRef = CEF0DA412598121B00D44143 /* awsconfiguration.json */; };
		CEF0DA452598121B00D44143 /* amplifytools.xcconfig in Resources */ = {isa = PBXBuildFile; fileRef = CEF0DA422598121B00D44143 /* amplifytools.xcconfig */; };
		D2CA58AFB290351768935E1F /* Pods_XerrisMusic.framework in Frameworks */ = {isa = PBXBuildFile; fileRef = 8913BBB9AC60D8DDE32DA181 /* Pods_XerrisMusic.framework */; };
/* End PBXBuildFile section */

/* Begin PBXContainerItemProxy section */
		CEA34E1A2597BE590065728C /* PBXContainerItemProxy */ = {
			isa = PBXContainerItemProxy;
			containerPortal = CEA34E002597BE580065728C /* Project object */;
			proxyType = 1;
			remoteGlobalIDString = CEA34E072597BE580065728C;
			remoteInfo = XerrisMusic;
		};
		CEA34E252597BE590065728C /* PBXContainerItemProxy */ = {
			isa = PBXContainerItemProxy;
			containerPortal = CEA34E002597BE580065728C /* Project object */;
			proxyType = 1;
			remoteGlobalIDString = CEA34E072597BE580065728C;
			remoteInfo = XerrisMusic;
		};
/* End PBXContainerItemProxy section */

/* Begin PBXFileReference section */
		41A0D9E884D05C4B9EE93298 /* Pods-XerrisMusic.debug.xcconfig */ = {isa = PBXFileReference; includeInIndex = 1; lastKnownFileType = text.xcconfig; name = "Pods-XerrisMusic.debug.xcconfig"; path = "Target Support Files/Pods-XerrisMusic/Pods-XerrisMusic.debug.xcconfig"; sourceTree = "<group>"; };
		8913BBB9AC60D8DDE32DA181 /* Pods_XerrisMusic.framework */ = {isa = PBXFileReference; explicitFileType = wrapper.framework; includeInIndex = 0; path = Pods_XerrisMusic.framework; sourceTree = BUILT_PRODUCTS_DIR; };
		AA0C7771974244CDB1C60D81 /* Pods-XerrisMusic.release.xcconfig */ = {isa = PBXFileReference; includeInIndex = 1; lastKnownFileType = text.xcconfig; name = "Pods-XerrisMusic.release.xcconfig"; path = "Target Support Files/Pods-XerrisMusic/Pods-XerrisMusic.release.xcconfig"; sourceTree = "<group>"; };
		CEA34E082597BE580065728C /* XerrisMusic.app */ = {isa = PBXFileReference; explicitFileType = wrapper.application; includeInIndex = 0; path = XerrisMusic.app; sourceTree = BUILT_PRODUCTS_DIR; };
		CEA34E0B2597BE580065728C /* XerrisMusicApp.swift */ = {isa = PBXFileReference; lastKnownFileType = sourcecode.swift; path = XerrisMusicApp.swift; sourceTree = "<group>"; };
		CEA34E0D2597BE580065728C /* ContentView.swift */ = {isa = PBXFileReference; lastKnownFileType = sourcecode.swift; path = ContentView.swift; sourceTree = "<group>"; };
		CEA34E0F2597BE590065728C /* Assets.xcassets */ = {isa = PBXFileReference; lastKnownFileType = folder.assetcatalog; path = Assets.xcassets; sourceTree = "<group>"; };
		CEA34E122597BE590065728C /* Preview Assets.xcassets */ = {isa = PBXFileReference; lastKnownFileType = folder.assetcatalog; path = "Preview Assets.xcassets"; sourceTree = "<group>"; };
		CEA34E142597BE590065728C /* Info.plist */ = {isa = PBXFileReference; lastKnownFileType = text.plist.xml; path = Info.plist; sourceTree = "<group>"; };
		CEA34E192597BE590065728C /* XerrisMusicTests.xctest */ = {isa = PBXFileReference; explicitFileType = wrapper.cfbundle; includeInIndex = 0; path = XerrisMusicTests.xctest; sourceTree = BUILT_PRODUCTS_DIR; };
		CEA34E1D2597BE590065728C /* XerrisMusicTests.swift */ = {isa = PBXFileReference; lastKnownFileType = sourcecode.swift; path = XerrisMusicTests.swift; sourceTree = "<group>"; };
		CEA34E1F2597BE590065728C /* Info.plist */ = {isa = PBXFileReference; lastKnownFileType = text.plist.xml; path = Info.plist; sourceTree = "<group>"; };
		CEA34E242597BE590065728C /* XerrisMusicUITests.xctest */ = {isa = PBXFileReference; explicitFileType = wrapper.cfbundle; includeInIndex = 0; path = XerrisMusicUITests.xctest; sourceTree = BUILT_PRODUCTS_DIR; };
		CEA34E282597BE590065728C /* XerrisMusicUITests.swift */ = {isa = PBXFileReference; lastKnownFileType = sourcecode.swift; path = XerrisMusicUITests.swift; sourceTree = "<group>"; };
		CEA34E2A2597BE590065728C /* Info.plist */ = {isa = PBXFileReference; lastKnownFileType = text.plist.xml; path = Info.plist; sourceTree = "<group>"; };
		CEF0DA402598121B00D44143 /* amplifyconfiguration.json */ = {isa = PBXFileReference; fileEncoding = 4; lastKnownFileType = text.json; path = amplifyconfiguration.json; sourceTree = "<group>"; };
		CEF0DA412598121B00D44143 /* awsconfiguration.json */ = {isa = PBXFileReference; fileEncoding = 4; lastKnownFileType = text.json; path = awsconfiguration.json; sourceTree = "<group>"; };
		CEF0DA422598121B00D44143 /* amplifytools.xcconfig */ = {isa = PBXFileReference; fileEncoding = 4; lastKnownFileType = text.xcconfig; path = amplifytools.xcconfig; sourceTree = "<group>"; };
/* End PBXFileReference section */

/* Begin PBXFrameworksBuildPhase section */
		CEA34E052597BE580065728C /* Frameworks */ = {
			isa = PBXFrameworksBuildPhase;
			buildActionMask = 2147483647;
			files = (
				D2CA58AFB290351768935E1F /* Pods_XerrisMusic.framework in Frameworks */,
			);
			runOnlyForDeploymentPostprocessing = 0;
		};
		CEA34E162597BE590065728C /* Frameworks */ = {
			isa = PBXFrameworksBuildPhase;
			buildActionMask = 2147483647;
			files = (
			);
			runOnlyForDeploymentPostprocessing = 0;
		};
		CEA34E212597BE590065728C /* Frameworks */ = {
			isa = PBXFrameworksBuildPhase;
			buildActionMask = 2147483647;
			files = (
			);
			runOnlyForDeploymentPostprocessing = 0;
		};
/* End PBXFrameworksBuildPhase section */

/* Begin PBXGroup section */
		1EBAE141C473F5A53ED6C6AA /* Pods */ = {
			isa = PBXGroup;
			children = (
				41A0D9E884D05C4B9EE93298 /* Pods-XerrisMusic.debug.xcconfig */,
				AA0C7771974244CDB1C60D81 /* Pods-XerrisMusic.release.xcconfig */,
			);
			path = Pods;
			sourceTree = "<group>";
		};
		CEA34DFF2597BE580065728C = {
			isa = PBXGroup;
			children = (
				CEF0DA402598121B00D44143 /* amplifyconfiguration.json */,
				CEF0DA422598121B00D44143 /* amplifytools.xcconfig */,
				CEF0DA412598121B00D44143 /* awsconfiguration.json */,
				CEA34E0A2597BE580065728C /* XerrisMusic */,
				CEA34E1C2597BE590065728C /* XerrisMusicTests */,
				CEA34E272597BE590065728C /* XerrisMusicUITests */,
				CEA34E092597BE580065728C /* Products */,
				1EBAE141C473F5A53ED6C6AA /* Pods */,
				FC56D76358868965114D8311 /* Frameworks */,
			);
			sourceTree = "<group>";
		};
		CEA34E092597BE580065728C /* Products */ = {
			isa = PBXGroup;
			children = (
				CEA34E082597BE580065728C /* XerrisMusic.app */,
				CEA34E192597BE590065728C /* XerrisMusicTests.xctest */,
				CEA34E242597BE590065728C /* XerrisMusicUITests.xctest */,
			);
			name = Products;
			sourceTree = "<group>";
		};
		CEA34E0A2597BE580065728C /* XerrisMusic */ = {
			isa = PBXGroup;
			children = (
				CEA34E0B2597BE580065728C /* XerrisMusicApp.swift */,
				CEA34E0D2597BE580065728C /* ContentView.swift */,
				CEA34E0F2597BE590065728C /* Assets.xcassets */,
				CEA34E142597BE590065728C /* Info.plist */,
				CEA34E112597BE590065728C /* Preview Content */,
			);
			path = XerrisMusic;
			sourceTree = "<group>";
		};
		CEA34E112597BE590065728C /* Preview Content */ = {
			isa = PBXGroup;
			children = (
				CEA34E122597BE590065728C /* Preview Assets.xcassets */,
			);
			path = "Preview Content";
			sourceTree = "<group>";
		};
		CEA34E1C2597BE590065728C /* XerrisMusicTests */ = {
			isa = PBXGroup;
			children = (
				CEA34E1D2597BE590065728C /* XerrisMusicTests.swift */,
				CEA34E1F2597BE590065728C /* Info.plist */,
			);
			path = XerrisMusicTests;
			sourceTree = "<group>";
		};
		CEA34E272597BE590065728C /* XerrisMusicUITests */ = {
			isa = PBXGroup;
			children = (
				CEA34E282597BE590065728C /* XerrisMusicUITests.swift */,
				CEA34E2A2597BE590065728C /* Info.plist */,
			);
			path = XerrisMusicUITests;
			sourceTree = "<group>";
		};
		FC56D76358868965114D8311 /* Frameworks */ = {
			isa = PBXGroup;
			children = (
				8913BBB9AC60D8DDE32DA181 /* Pods_XerrisMusic.framework */,
			);
			name = Frameworks;
			sourceTree = "<group>";
		};
/* End PBXGroup section */

/* Begin PBXNativeTarget section */
		CEA34E072597BE580065728C /* XerrisMusic */ = {
			isa = PBXNativeTarget;
			buildConfigurationList = CEA34E2D2597BE590065728C /* Build configuration list for PBXNativeTarget "XerrisMusic" */;
			buildPhases = (
				DCD3DEEEDFF50A26CA6C9599 /* [CP] Check Pods Manifest.lock */,
				CEA34E042597BE580065728C /* Sources */,
				CEA34E052597BE580065728C /* Frameworks */,
				CEA34E062597BE580065728C /* Resources */,
				9177D3E229957CC7056F0345 /* [CP] Embed Pods Frameworks */,
			);
			buildRules = (
			);
			dependencies = (
			);
			name = XerrisMusic;
			productName = XerrisMusic;
			productReference = CEA34E082597BE580065728C /* XerrisMusic.app */;
			productType = "com.apple.product-type.application";
		};
		CEA34E182597BE590065728C /* XerrisMusicTests */ = {
			isa = PBXNativeTarget;
			buildConfigurationList = CEA34E302597BE590065728C /* Build configuration list for PBXNativeTarget "XerrisMusicTests" */;
			buildPhases = (
				CEA34E152597BE590065728C /* Sources */,
				CEA34E162597BE590065728C /* Frameworks */,
				CEA34E172597BE590065728C /* Resources */,
			);
			buildRules = (
			);
			dependencies = (
				CEA34E1B2597BE590065728C /* PBXTargetDependency */,
			);
			name = XerrisMusicTests;
			productName = XerrisMusicTests;
			productReference = CEA34E192597BE590065728C /* XerrisMusicTests.xctest */;
			productType = "com.apple.product-type.bundle.unit-test";
		};
		CEA34E232597BE590065728C /* XerrisMusicUITests */ = {
			isa = PBXNativeTarget;
			buildConfigurationList = CEA34E332597BE590065728C /* Build configuration list for PBXNativeTarget "XerrisMusicUITests" */;
			buildPhases = (
				CEA34E202597BE590065728C /* Sources */,
				CEA34E212597BE590065728C /* Frameworks */,
				CEA34E222597BE590065728C /* Resources */,
			);
			buildRules = (
			);
			dependencies = (
				CEA34E262597BE590065728C /* PBXTargetDependency */,
			);
			name = XerrisMusicUITests;
			productName = XerrisMusicUITests;
			productReference = CEA34E242597BE590065728C /* XerrisMusicUITests.xctest */;
			productType = "com.apple.product-type.bundle.ui-testing";
		};
/* End PBXNativeTarget section */

/* Begin PBXProject section */
		CEA34E002597BE580065728C /* Project object */ = {
			isa = PBXProject;
			attributes = {
				LastSwiftUpdateCheck = 1230;
				LastUpgradeCheck = 1230;
				TargetAttributes = {
					CEA34E072597BE580065728C = {
						CreatedOnToolsVersion = 12.3;
					};
					CEA34E182597BE590065728C = {
						CreatedOnToolsVersion = 12.3;
						TestTargetID = CEA34E072597BE580065728C;
					};
					CEA34E232597BE590065728C = {
						CreatedOnToolsVersion = 12.3;
						TestTargetID = CEA34E072597BE580065728C;
					};
				};
			};
			buildConfigurationList = CEA34E032597BE580065728C /* Build configuration list for PBXProject "XerrisMusic" */;
			compatibilityVersion = "Xcode 9.3";
			developmentRegion = en;
			hasScannedForEncodings = 0;
			knownRegions = (
				en,
				Base,
			);
			mainGroup = CEA34DFF2597BE580065728C;
			productRefGroup = CEA34E092597BE580065728C /* Products */;
			projectDirPath = "";
			projectRoot = "";
			targets = (
				CEA34E072597BE580065728C /* XerrisMusic */,
				CEA34E182597BE590065728C /* XerrisMusicTests */,
				CEA34E232597BE590065728C /* XerrisMusicUITests */,
			);
		};
/* End PBXProject section */

/* Begin PBXResourcesBuildPhase section */
		CEA34E062597BE580065728C /* Resources */ = {
			isa = PBXResourcesBuildPhase;
			buildActionMask = 2147483647;
			files = (
				CEF0DA442598121B00D44143 /* awsconfiguration.json in Resources */,
				CEA34E132597BE590065728C /* Preview Assets.xcassets in Resources */,
				CEF0DA452598121B00D44143 /* amplifytools.xcconfig in Resources */,
				CEF0DA432598121B00D44143 /* amplifyconfiguration.json in Resources */,
				CEA34E102597BE590065728C /* Assets.xcassets in Resources */,
			);
			runOnlyForDeploymentPostprocessing = 0;
		};
		CEA34E172597BE590065728C /* Resources */ = {
			isa = PBXResourcesBuildPhase;
			buildActionMask = 2147483647;
			files = (
			);
			runOnlyForDeploymentPostprocessing = 0;
		};
		CEA34E222597BE590065728C /* Resources */ = {
			isa = PBXResourcesBuildPhase;
			buildActionMask = 2147483647;
			files = (
			);
			runOnlyForDeploymentPostprocessing = 0;
		};
/* End PBXResourcesBuildPhase section */

/* Begin PBXShellScriptBuildPhase section */
		9177D3E229957CC7056F0345 /* [CP] Embed Pods Frameworks */ = {
			isa = PBXShellScriptBuildPhase;
			buildActionMask = 2147483647;
			files = (
			);
			inputFileListPaths = (
				"${PODS_ROOT}/Target Support Files/Pods-XerrisMusic/Pods-XerrisMusic-frameworks-${CONFIGURATION}-input-files.xcfilelist",
			);
			name = "[CP] Embed Pods Frameworks";
			outputFileListPaths = (
				"${PODS_ROOT}/Target Support Files/Pods-XerrisMusic/Pods-XerrisMusic-frameworks-${CONFIGURATION}-output-files.xcfilelist",
			);
			runOnlyForDeploymentPostprocessing = 0;
			shellPath = /bin/sh;
			shellScript = "\"${PODS_ROOT}/Target Support Files/Pods-XerrisMusic/Pods-XerrisMusic-frameworks.sh\"\n";
			showEnvVarsInLog = 0;
		};
		DCD3DEEEDFF50A26CA6C9599 /* [CP] Check Pods Manifest.lock */ = {
			isa = PBXShellScriptBuildPhase;
			buildActionMask = 2147483647;
			files = (
			);
			inputFileListPaths = (
			);
			inputPaths = (
				"${PODS_PODFILE_DIR_PATH}/Podfile.lock",
				"${PODS_ROOT}/Manifest.lock",
			);
			name = "[CP] Check Pods Manifest.lock";
			outputFileListPaths = (
			);
			outputPaths = (
				"$(DERIVED_FILE_DIR)/Pods-XerrisMusic-checkManifestLockResult.txt",
			);
			runOnlyForDeploymentPostprocessing = 0;
			shellPath = /bin/sh;
			shellScript = "diff \"${PODS_PODFILE_DIR_PATH}/Podfile.lock\" \"${PODS_ROOT}/Manifest.lock\" > /dev/null\nif [ $? != 0 ] ; then\n    # print error to STDERR\n    echo \"error: The sandbox is not in sync with the Podfile.lock. Run 'pod install' or update your CocoaPods installation.\" >&2\n    exit 1\nfi\n# This output is used by Xcode 'outputs' to avoid re-running this script phase.\necho \"SUCCESS\" > \"${SCRIPT_OUTPUT_FILE_0}\"\n";
			showEnvVarsInLog = 0;
		};
/* End PBXShellScriptBuildPhase section */

/* Begin PBXSourcesBuildPhase section */
		CEA34E042597BE580065728C /* Sources */ = {
			isa = PBXSourcesBuildPhase;
			buildActionMask = 2147483647;
			files = (
				CEA34E0E2597BE580065728C /* ContentView.swift in Sources */,
				CEA34E0C2597BE580065728C /* XerrisMusicApp.swift in Sources */,
			);
			runOnlyForDeploymentPostprocessing = 0;
		};
		CEA34E152597BE590065728C /* Sources */ = {
			isa = PBXSourcesBuildPhase;
			buildActionMask = 2147483647;
			files = (
				CEA34E1E2597BE590065728C /* XerrisMusicTests.swift in Sources */,
			);
			runOnlyForDeploymentPostprocessing = 0;
		};
		CEA34E202597BE590065728C /* Sources */ = {
			isa = PBXSourcesBuildPhase;
			buildActionMask = 2147483647;
			files = (
				CEA34E292597BE590065728C /* XerrisMusicUITests.swift in Sources */,
			);
			runOnlyForDeploymentPostprocessing = 0;
		};
/* End PBXSourcesBuildPhase section */

/* Begin PBXTargetDependency section */
		CEA34E1B2597BE590065728C /* PBXTargetDependency */ = {
			isa = PBXTargetDependency;
			target = CEA34E072597BE580065728C /* XerrisMusic */;
			targetProxy = CEA34E1A2597BE590065728C /* PBXContainerItemProxy */;
		};
		CEA34E262597BE590065728C /* PBXTargetDependency */ = {
			isa = PBXTargetDependency;
			target = CEA34E072597BE580065728C /* XerrisMusic */;
			targetProxy = CEA34E252597BE590065728C /* PBXContainerItemProxy */;
		};
/* End PBXTargetDependency section */

/* Begin XCBuildConfiguration section */
		CEA34E2B2597BE590065728C /* Debug */ = {
			isa = XCBuildConfiguration;
			buildSettings = {
				ALWAYS_SEARCH_USER_PATHS = NO;
				CLANG_ANALYZER_NONNULL = YES;
				CLANG_ANALYZER_NUMBER_OBJECT_CONVERSION = YES_AGGRESSIVE;
				CLANG_CXX_LANGUAGE_STANDARD = "gnu++14";
				CLANG_CXX_LIBRARY = "libc++";
				CLANG_ENABLE_MODULES = YES;
				CLANG_ENABLE_OBJC_ARC = YES;
				CLANG_ENABLE_OBJC_WEAK = YES;
				CLANG_WARN_BLOCK_CAPTURE_AUTORELEASING = YES;
				CLANG_WARN_BOOL_CONVERSION = YES;
				CLANG_WARN_COMMA = YES;
				CLANG_WARN_CONSTANT_CONVERSION = YES;
				CLANG_WARN_DEPRECATED_OBJC_IMPLEMENTATIONS = YES;
				CLANG_WARN_DIRECT_OBJC_ISA_USAGE = YES_ERROR;
				CLANG_WARN_DOCUMENTATION_COMMENTS = YES;
				CLANG_WARN_EMPTY_BODY = YES;
				CLANG_WARN_ENUM_CONVERSION = YES;
				CLANG_WARN_INFINITE_RECURSION = YES;
				CLANG_WARN_INT_CONVERSION = YES;
				CLANG_WARN_NON_LITERAL_NULL_CONVERSION = YES;
				CLANG_WARN_OBJC_IMPLICIT_RETAIN_SELF = YES;
				CLANG_WARN_OBJC_LITERAL_CONVERSION = YES;
				CLANG_WARN_OBJC_ROOT_CLASS = YES_ERROR;
				CLANG_WARN_QUOTED_INCLUDE_IN_FRAMEWORK_HEADER = YES;
				CLANG_WARN_RANGE_LOOP_ANALYSIS = YES;
				CLANG_WARN_STRICT_PROTOTYPES = YES;
				CLANG_WARN_SUSPICIOUS_MOVE = YES;
				CLANG_WARN_UNGUARDED_AVAILABILITY = YES_AGGRESSIVE;
				CLANG_WARN_UNREACHABLE_CODE = YES;
				CLANG_WARN__DUPLICATE_METHOD_MATCH = YES;
				COPY_PHASE_STRIP = NO;
				DEBUG_INFORMATION_FORMAT = dwarf;
				ENABLE_STRICT_OBJC_MSGSEND = YES;
				ENABLE_TESTABILITY = YES;
				GCC_C_LANGUAGE_STANDARD = gnu11;
				GCC_DYNAMIC_NO_PIC = NO;
				GCC_NO_COMMON_BLOCKS = YES;
				GCC_OPTIMIZATION_LEVEL = 0;
				GCC_PREPROCESSOR_DEFINITIONS = (
					"DEBUG=1",
					"$(inherited)",
				);
				GCC_WARN_64_TO_32_BIT_CONVERSION = YES;
				GCC_WARN_ABOUT_RETURN_TYPE = YES_ERROR;
				GCC_WARN_UNDECLARED_SELECTOR = YES;
				GCC_WARN_UNINITIALIZED_AUTOS = YES_AGGRESSIVE;
				GCC_WARN_UNUSED_FUNCTION = YES;
				GCC_WARN_UNUSED_VARIABLE = YES;
				IPHONEOS_DEPLOYMENT_TARGET = 14.3;
				MTL_ENABLE_DEBUG_INFO = INCLUDE_SOURCE;
				MTL_FAST_MATH = YES;
				ONLY_ACTIVE_ARCH = YES;
				SDKROOT = iphoneos;
				SWIFT_ACTIVE_COMPILATION_CONDITIONS = DEBUG;
				SWIFT_OPTIMIZATION_LEVEL = "-Onone";
			};
			name = Debug;
		};
		CEA34E2C2597BE590065728C /* Release */ = {
			isa = XCBuildConfiguration;
			buildSettings = {
				ALWAYS_SEARCH_USER_PATHS = NO;
				CLANG_ANALYZER_NONNULL = YES;
				CLANG_ANALYZER_NUMBER_OBJECT_CONVERSION = YES_AGGRESSIVE;
				CLANG_CXX_LANGUAGE_STANDARD = "gnu++14";
				CLANG_CXX_LIBRARY = "libc++";
				CLANG_ENABLE_MODULES = YES;
				CLANG_ENABLE_OBJC_ARC = YES;
				CLANG_ENABLE_OBJC_WEAK = YES;
				CLANG_WARN_BLOCK_CAPTURE_AUTORELEASING = YES;
				CLANG_WARN_BOOL_CONVERSION = YES;
				CLANG_WARN_COMMA = YES;
				CLANG_WARN_CONSTANT_CONVERSION = YES;
				CLANG_WARN_DEPRECATED_OBJC_IMPLEMENTATIONS = YES;
				CLANG_WARN_DIRECT_OBJC_ISA_USAGE = YES_ERROR;
				CLANG_WARN_DOCUMENTATION_COMMENTS = YES;
				CLANG_WARN_EMPTY_BODY = YES;
				CLANG_WARN_ENUM_CONVERSION = YES;
				CLANG_WARN_INFINITE_RECURSION = YES;
				CLANG_WARN_INT_CONVERSION = YES;
				CLANG_WARN_NON_LITERAL_NULL_CONVERSION = YES;
				CLANG_WARN_OBJC_IMPLICIT_RETAIN_SELF = YES;
				CLANG_WARN_OBJC_LITERAL_CONVERSION = YES;
				CLANG_WARN_OBJC_ROOT_CLASS = YES_ERROR;
				CLANG_WARN_QUOTED_INCLUDE_IN_FRAMEWORK_HEADER = YES;
				CLANG_WARN_RANGE_LOOP_ANALYSIS = YES;
				CLANG_WARN_STRICT_PROTOTYPES = YES;
				CLANG_WARN_SUSPICIOUS_MOVE = YES;
				CLANG_WARN_UNGUARDED_AVAILABILITY = YES_AGGRESSIVE;
				CLANG_WARN_UNREACHABLE_CODE = YES;
				CLANG_WARN__DUPLICATE_METHOD_MATCH = YES;
				COPY_PHASE_STRIP = NO;
				DEBUG_INFORMATION_FORMAT = "dwarf-with-dsym";
				ENABLE_NS_ASSERTIONS = NO;
				ENABLE_STRICT_OBJC_MSGSEND = YES;
				GCC_C_LANGUAGE_STANDARD = gnu11;
				GCC_NO_COMMON_BLOCKS = YES;
				GCC_WARN_64_TO_32_BIT_CONVERSION = YES;
				GCC_WARN_ABOUT_RETURN_TYPE = YES_ERROR;
				GCC_WARN_UNDECLARED_SELECTOR = YES;
				GCC_WARN_UNINITIALIZED_AUTOS = YES_AGGRESSIVE;
				GCC_WARN_UNUSED_FUNCTION = YES;
				GCC_WARN_UNUSED_VARIABLE = YES;
				IPHONEOS_DEPLOYMENT_TARGET = 14.3;
				MTL_ENABLE_DEBUG_INFO = NO;
				MTL_FAST_MATH = YES;
				SDKROOT = iphoneos;
				SWIFT_COMPILATION_MODE = wholemodule;
				SWIFT_OPTIMIZATION_LEVEL = "-O";
				VALIDATE_PRODUCT = YES;
			};
			name = Release;
		};
		CEA34E2E2597BE590065728C /* Debug */ = {
			isa = XCBuildConfiguration;
			baseConfigurationReference = 41A0D9E884D05C4B9EE93298 /* Pods-XerrisMusic.debug.xcconfig */;
			buildSettings = {
				ASSETCATALOG_COMPILER_APPICON_NAME = AppIcon;
				ASSETCATALOG_COMPILER_GLOBAL_ACCENT_COLOR_NAME = AccentColor;
				CODE_SIGN_STYLE = Automatic;
				DEVELOPMENT_ASSET_PATHS = "\"XerrisMusic/Preview Content\"";
				DEVELOPMENT_TEAM = 7A6UM92PQP;
				ENABLE_PREVIEWS = YES;
				INFOPLIST_FILE = XerrisMusic/Info.plist;
				IPHONEOS_DEPLOYMENT_TARGET = 14.0;
				LD_RUNPATH_SEARCH_PATHS = (
					"$(inherited)",
					"@executable_path/Frameworks",
				);
				PRODUCT_BUNDLE_IDENTIFIER = com.jason.XerrisMusic;
				PRODUCT_NAME = "$(TARGET_NAME)";
				SWIFT_VERSION = 5.0;
				TARGETED_DEVICE_FAMILY = "1,2";
			};
			name = Debug;
		};
		CEA34E2F2597BE590065728C /* Release */ = {
			isa = XCBuildConfiguration;
			baseConfigurationReference = AA0C7771974244CDB1C60D81 /* Pods-XerrisMusic.release.xcconfig */;
			buildSettings = {
				ASSETCATALOG_COMPILER_APPICON_NAME = AppIcon;
				ASSETCATALOG_COMPILER_GLOBAL_ACCENT_COLOR_NAME = AccentColor;
				CODE_SIGN_STYLE = Automatic;
				DEVELOPMENT_ASSET_PATHS = "\"XerrisMusic/Preview Content\"";
				DEVELOPMENT_TEAM = 7A6UM92PQP;
				ENABLE_PREVIEWS = YES;
				INFOPLIST_FILE = XerrisMusic/Info.plist;
				IPHONEOS_DEPLOYMENT_TARGET = 14.0;
				LD_RUNPATH_SEARCH_PATHS = (
					"$(inherited)",
					"@executable_path/Frameworks",
				);
				PRODUCT_BUNDLE_IDENTIFIER = com.jason.XerrisMusic;
				PRODUCT_NAME = "$(TARGET_NAME)";
				SWIFT_VERSION = 5.0;
				TARGETED_DEVICE_FAMILY = "1,2";
			};
			name = Release;
		};
		CEA34E312597BE590065728C /* Debug */ = {
			isa = XCBuildConfiguration;
			buildSettings = {
				ALWAYS_EMBED_SWIFT_STANDARD_LIBRARIES = YES;
				BUNDLE_LOADER = "$(TEST_HOST)";
				CODE_SIGN_STYLE = Automatic;
				DEVELOPMENT_TEAM = 7A6UM92PQP;
				INFOPLIST_FILE = XerrisMusicTests/Info.plist;
				IPHONEOS_DEPLOYMENT_TARGET = 14.0;
				LD_RUNPATH_SEARCH_PATHS = (
					"$(inherited)",
					"@executable_path/Frameworks",
					"@loader_path/Frameworks",
				);
				PRODUCT_BUNDLE_IDENTIFIER = com.jason.XerrisMusicTests;
				PRODUCT_NAME = "$(TARGET_NAME)";
				SWIFT_VERSION = 5.0;
				TARGETED_DEVICE_FAMILY = "1,2";
				TEST_HOST = "$(BUILT_PRODUCTS_DIR)/XerrisMusic.app/XerrisMusic";
			};
			name = Debug;
		};
		CEA34E322597BE590065728C /* Release */ = {
			isa = XCBuildConfiguration;
			buildSettings = {
				ALWAYS_EMBED_SWIFT_STANDARD_LIBRARIES = YES;
				BUNDLE_LOADER = "$(TEST_HOST)";
				CODE_SIGN_STYLE = Automatic;
				DEVELOPMENT_TEAM = 7A6UM92PQP;
				INFOPLIST_FILE = XerrisMusicTests/Info.plist;
				IPHONEOS_DEPLOYMENT_TARGET = 14.0;
				LD_RUNPATH_SEARCH_PATHS = (
					"$(inherited)",
					"@executable_path/Frameworks",
					"@loader_path/Frameworks",
				);
				PRODUCT_BUNDLE_IDENTIFIER = com.jason.XerrisMusicTests;
				PRODUCT_NAME = "$(TARGET_NAME)";
				SWIFT_VERSION = 5.0;
				TARGETED_DEVICE_FAMILY = "1,2";
				TEST_HOST = "$(BUILT_PRODUCTS_DIR)/XerrisMusic.app/XerrisMusic";
			};
			name = Release;
		};
		CEA34E342597BE590065728C /* Debug */ = {
			isa = XCBuildConfiguration;
			buildSettings = {
				ALWAYS_EMBED_SWIFT_STANDARD_LIBRARIES = YES;
				CODE_SIGN_STYLE = Automatic;
				DEVELOPMENT_TEAM = 7A6UM92PQP;
				INFOPLIST_FILE = XerrisMusicUITests/Info.plist;
				LD_RUNPATH_SEARCH_PATHS = (
					"$(inherited)",
					"@executable_path/Frameworks",
					"@loader_path/Frameworks",
				);
				PRODUCT_BUNDLE_IDENTIFIER = com.jason.XerrisMusicUITests;
				PRODUCT_NAME = "$(TARGET_NAME)";
				SWIFT_VERSION = 5.0;
				TARGETED_DEVICE_FAMILY = "1,2";
				TEST_TARGET_NAME = XerrisMusic;
			};
			name = Debug;
		};
		CEA34E352597BE590065728C /* Release */ = {
			isa = XCBuildConfiguration;
			buildSettings = {
				ALWAYS_EMBED_SWIFT_STANDARD_LIBRARIES = YES;
				CODE_SIGN_STYLE = Automatic;
				DEVELOPMENT_TEAM = 7A6UM92PQP;
				INFOPLIST_FILE = XerrisMusicUITests/Info.plist;
				LD_RUNPATH_SEARCH_PATHS = (
					"$(inherited)",
					"@executable_path/Frameworks",
					"@loader_path/Frameworks",
				);
				PRODUCT_BUNDLE_IDENTIFIER = com.jason.XerrisMusicUITests;
				PRODUCT_NAME = "$(TARGET_NAME)";
				SWIFT_VERSION = 5.0;
				TARGETED_DEVICE_FAMILY = "1,2";
				TEST_TARGET_NAME = XerrisMusic;
			};
			name = Release;
		};
/* End XCBuildConfiguration section */

/* Begin XCConfigurationList section */
		CEA34E032597BE580065728C /* Build configuration list for PBXProject "XerrisMusic" */ = {
			isa = XCConfigurationList;
			buildConfigurations = (
				CEA34E2B2597BE590065728C /* Debug */,
				CEA34E2C2597BE590065728C /* Release */,
			);
			defaultConfigurationIsVisible = 0;
			defaultConfigurationName = Release;
		};
		CEA34E2D2597BE590065728C /* Build configuration list for PBXNativeTarget "XerrisMusic" */ = {
			isa = XCConfigurationList;
			buildConfigurations = (
				CEA34E2E2597BE590065728C /* Debug */,
				CEA34E2F2597BE590065728C /* Release */,
			);
			defaultConfigurationIsVisible = 0;
			defaultConfigurationName = Release;
		};
		CEA34E302597BE590065728C /* Build configuration list for PBXNativeTarget "XerrisMusicTests" */ = {
			isa = XCConfigurationList;
			buildConfigurations = (
				CEA34E312597BE590065728C /* Debug */,
				CEA34E322597BE590065728C /* Release */,
			);
			defaultConfigurationIsVisible = 0;
			defaultConfigurationName = Release;
		};
		CEA34E332597BE590065728C /* Build configuration list for PBXNativeTarget "XerrisMusicUITests" */ = {
			isa = XCConfigurationList;
			buildConfigurations = (
				CEA34E342597BE590065728C /* Debug */,
				CEA34E352597BE590065728C /* Release */,
			);
			defaultConfigurationIsVisible = 0;
			defaultConfigurationName = Release;
		};
/* End XCConfigurationList section */
	};
	rootObject = CEA34E002597BE580065728C /* Project object */;
}
